
Microsoft Visual Studio Solution File, Format Version 12.00
# Visual Studio Version 17
VisualStudioVersion = 17.3.32901.215
MinimumVisualStudioVersion = 10.0.40219.1
Project("{FAE04EC0-301F-11D3-BF4B-00C04F79EFBC}") = "AlgorandAlgodProxy", "AlgorandAlgodProxy.csproj", "{573F65A1-14A3-4C82-9935-77D174FADD0B}"
EndProject
Global
	GlobalSection(SolutionConfigurationPlatforms) = preSolution
		Debug|Any CPU = Debug|Any CPU
		Release|Any CPU = Release|Any CPU
	EndGlobalSection
	GlobalSection(ProjectConfigurationPlatforms) = postSolution
		{573F65A1-14A3-4C82-9935-77D174FADD0B}.Debug|Any CPU.ActiveCfg = Debug|Any CPU
		{573F65A1-14A3-4C82-9935-77D174FADD0B}.Debug|Any CPU.Build.0 = Debug|Any CPU
		{573F65A1-14A3-4C82-9935-77D174FADD0B}.Release|Any CPU.ActiveCfg = Release|Any CPU
		{573F65A1-14A3-4C82-9935-77D174FADD0B}.Release|Any CPU.Build.0 = Release|Any CPU
	EndGlobalSection
	GlobalSection(SolutionProperties) = preSolution
		HideSolutionNode = FALSE
	EndGlobalSection
	GlobalSection(ExtensibilityGlobals) = postSolution
		SolutionGuid = {B43065E6-B26F-497B-AB7D-92333038CF00}
	EndGlobalSection
EndGlobal
